
Microsoft Visual Studio Solution File, Format Version 12.00
# Visual Studio Version 16
VisualStudioVersion = 16.0.32802.440
MinimumVisualStudioVersion = 10.0.40219.1
Project("{FAE04EC0-301F-11D3-BF4B-00C04F79EFBC}") = "Theatre", "Theatre\Theatre.csproj", "{ADF05F9D-108A-4227-8BB6-CDFB733CE878}"
EndProject
Global
	GlobalSection(SolutionConfigurationPlatforms) = preSolution
		Debug|Any CPU = Debug|Any CPU
		Release|Any CPU = Release|Any CPU
	EndGlobalSection
	GlobalSection(ProjectConfigurationPlatforms) = postSolution
		{ADF05F9D-108A-4227-8BB6-CDFB733CE878}.Debug|Any CPU.ActiveCfg = Debug|Any CPU
		{ADF05F9D-108A-4227-8BB6-CDFB733CE878}.Debug|Any CPU.Build.0 = Debug|Any CPU
		{ADF05F9D-108A-4227-8BB6-CDFB733CE878}.Release|Any CPU.ActiveCfg = Release|Any CPU
		{ADF05F9D-108A-4227-8BB6-CDFB733CE878}.Release|Any CPU.Build.0 = Release|Any CPU
	EndGlobalSection
	GlobalSection(SolutionProperties) = preSolution
		HideSolutionNode = FALSE
	EndGlobalSection
	GlobalSection(ExtensibilityGlobals) = postSolution
		SolutionGuid = {468A0F29-9FBC-4F37-B7E6-F1A0A427ACBE}
	EndGlobalSection
EndGlobal
